
Microsoft Visual Studio Solution File, Format Version 12.00
# Visual Studio Version 16
VisualStudioVersion = 16.0.31129.286
MinimumVisualStudioVersion = 10.0.40219.1
Project("{FAE04EC0-301F-11D3-BF4B-00C04F79EFBC}") = "Function.Integrations", "Function.Integrations\Function.Integrations.csproj", "{FB791D19-2CDB-4534-9738-5A10B4394B1F}"
EndProject
Project("{FAE04EC0-301F-11D3-BF4B-00C04F79EFBC}") = "Functions.IntegrationsTest", "Functions.IntegrationsTest\Functions.IntegrationsTest.csproj", "{3D730F1D-0C0F-44CA-8366-71E7337AF416}"
EndProject
Global
	GlobalSection(SolutionConfigurationPlatforms) = preSolution
		Debug|Any CPU = Debug|Any CPU
		Release|Any CPU = Release|Any CPU
	EndGlobalSection
	GlobalSection(ProjectConfigurationPlatforms) = postSolution
		{FB791D19-2CDB-4534-9738-5A10B4394B1F}.Debug|Any CPU.ActiveCfg = Debug|Any CPU
		{FB791D19-2CDB-4534-9738-5A10B4394B1F}.Debug|Any CPU.Build.0 = Debug|Any CPU
		{FB791D19-2CDB-4534-9738-5A10B4394B1F}.Release|Any CPU.ActiveCfg = Release|Any CPU
		{FB791D19-2CDB-4534-9738-5A10B4394B1F}.Release|Any CPU.Build.0 = Release|Any CPU
		{3D730F1D-0C0F-44CA-8366-71E7337AF416}.Debug|Any CPU.ActiveCfg = Debug|Any CPU
		{3D730F1D-0C0F-44CA-8366-71E7337AF416}.Debug|Any CPU.Build.0 = Debug|Any CPU
		{3D730F1D-0C0F-44CA-8366-71E7337AF416}.Release|Any CPU.ActiveCfg = Release|Any CPU
		{3D730F1D-0C0F-44CA-8366-71E7337AF416}.Release|Any CPU.Build.0 = Release|Any CPU
	EndGlobalSection
	GlobalSection(SolutionProperties) = preSolution
		HideSolutionNode = FALSE
	EndGlobalSection
	GlobalSection(ExtensibilityGlobals) = postSolution
		SolutionGuid = {636CA42F-13D4-452A-8DB9-8C9453FBB1C5}
	EndGlobalSection
EndGlobal
